// !$*UTF8*$!
{
	archiveVersion = 1;
	classes = {
	};
	objectVersion = 46;
	objects = {

/* Begin PBXBuildFile section */
		015861C31B70A18400445DF9 /* NSDictionary+NotNullKey.m in Sources */ = {isa = PBXBuildFile; fileRef = 015861C01B70A18400445DF9 /* NSDictionary+NotNullKey.m */; };
		015861C41B70A18400445DF9 /* UIImage+Tint.m in Sources */ = {isa = PBXBuildFile; fileRef = 015861C21B70A18400445DF9 /* UIImage+Tint.m */; };
		01C952041B6F38D900318241 /* Post.m in Sources */ = {isa = PBXBuildFile; fileRef = 01C952031B6F38D900318241 /* Post.m */; };
		01C952071B6F38D900318241 /* Users.m in Sources */ = {isa = PBXBuildFile; fileRef = 01C952061B6F38D900318241 /* Users.m */; };
		01C9520E1B6F55B700318241 /* LoginController.m in Sources */ = {isa = PBXBuildFile; fileRef = 01C9520D1B6F55B700318241 /* LoginController.m */; };
		01CA61071B6AFF430099BBDB /* Utility.m in Sources */ = {isa = PBXBuildFile; fileRef = 01CA61061B6AFF430099BBDB /* Utility.m */; };
		01CA610B1B6B474E0099BBDB /* DataManager.m in Sources */ = {isa = PBXBuildFile; fileRef = 01CA610A1B6B474E0099BBDB /* DataManager.m */; };
		01CA610E1B6B49EE0099BBDB /* SettingManager.m in Sources */ = {isa = PBXBuildFile; fileRef = 01CA610D1B6B49EE0099BBDB /* SettingManager.m */; };
		01CA613A1B6B5A2E0099BBDB /* EXTScope.m in Sources */ = {isa = PBXBuildFile; fileRef = 01CA61381B6B5A2E0099BBDB /* EXTScope.m */; };
		01CC5A781B72306700A8C5E4 /* AppNotice.m in Sources */ = {isa = PBXBuildFile; fileRef = 01CC5A771B72306700A8C5E4 /* AppNotice.m */; };
		01CC9C051B6A56A30002378D /* PostCell.m in Sources */ = {isa = PBXBuildFile; fileRef = 01CC9C041B6A56A30002378D /* PostCell.m */; };
		01CE25BC1B74584B00048364 /* Codedown.m in Sources */ = {isa = PBXBuildFile; fileRef = 01CE25BB1B74584B00048364 /* Codedown.m */; };
		01CE25CB1B7458A900048364 /* CodeCell.m in Sources */ = {isa = PBXBuildFile; fileRef = 01CE25CA1B7458A900048364 /* CodeCell.m */; };
		01CE25CE1B7458DD00048364 /* CodeDal.m in Sources */ = {isa = PBXBuildFile; fileRef = 01CE25CD1B7458DD00048364 /* CodeDal.m */; };
		01CE25D11B74597100048364 /* CodeController.m in Sources */ = {isa = PBXBuildFile; fileRef = 01CE25D01B74597100048364 /* CodeController.m */; };
		01CE260F1B74C5B000048364 /* CodeDetailViewController.m in Sources */ = {isa = PBXBuildFile; fileRef = 01CE260E1B74C5B000048364 /* CodeDetailViewController.m */; };
		01D244DD1B65DB73000CA13C /* PostDal.m in Sources */ = {isa = PBXBuildFile; fileRef = 01D244DC1B65DB73000CA13C /* PostDal.m */; };
		01D4D8721B73752E00CFF883 /* UserDal.m in Sources */ = {isa = PBXBuildFile; fileRef = 01D4D8711B73752E00CFF883 /* UserDal.m */; };
		01D5083C1B665C1B00A48E7D /* CoreDataManager.m in Sources */ = {isa = PBXBuildFile; fileRef = 01D5083B1B665C1B00A48E7D /* CoreDataManager.m */; };
		01D5083F1B665DF700A48E7D /* Constant.m in Sources */ = {isa = PBXBuildFile; fileRef = 01D5083E1B665DF700A48E7D /* Constant.m */; };
		16E450B81B6592BD00EC2EBB /* main.m in Sources */ = {isa = PBXBuildFile; fileRef = 16E450B71B6592BD00EC2EBB /* main.m */; };
		16E450BB1B6592BD00EC2EBB /* AppDelegate.m in Sources */ = {isa = PBXBuildFile; fileRef = 16E450BA1B6592BD00EC2EBB /* AppDelegate.m */; };
		16E450BE1B6592BD00EC2EBB /* FirstViewController.m in Sources */ = {isa = PBXBuildFile; fileRef = 16E450BD1B6592BD00EC2EBB /* FirstViewController.m */; };
		16E450C11B6592BD00EC2EBB /* SecondViewController.m in Sources */ = {isa = PBXBuildFile; fileRef = 16E450C01B6592BD00EC2EBB /* SecondViewController.m */; };
		16E450C41B6592BD00EC2EBB /* Main.storyboard in Resources */ = {isa = PBXBuildFile; fileRef = 16E450C21B6592BD00EC2EBB /* Main.storyboard */; };
		16E450C61B6592BD00EC2EBB /* Images.xcassets in Resources */ = {isa = PBXBuildFile; fileRef = 16E450C51B6592BD00EC2EBB /* Images.xcassets */; };
		16E450C91B6592BD00EC2EBB /* LaunchScreen.xib in Resources */ = {isa = PBXBuildFile; fileRef = 16E450C71B6592BD00EC2EBB /* LaunchScreen.xib */; };
		16E450D51B6592BD00EC2EBB /* swiftmi_ocTests.m in Sources */ = {isa = PBXBuildFile; fileRef = 16E450D41B6592BD00EC2EBB /* swiftmi_ocTests.m */; };
		16E450E11B65980E00EC2EBB /* PostTableViewController.m in Sources */ = {isa = PBXBuildFile; fileRef = 16E450E01B65980E00EC2EBB /* PostTableViewController.m */; };
		16E450E41B659DBA00EC2EBB /* CoreData.framework in Frameworks */ = {isa = PBXBuildFile; fileRef = 16E450E31B659DBA00EC2EBB /* CoreData.framework */; };
		16E450E81B659E6400EC2EBB /* Model.xcdatamodeld in Sources */ = {isa = PBXBuildFile; fileRef = 16E450E61B659E6400EC2EBB /* Model.xcdatamodeld */; };
		C0AB0401A3A4C2562E229A92 /* libPods.a in Frameworks */ = {isa = PBXBuildFile; fileRef = 61E5B354896DCF5647964E31 /* libPods.a */; };
/* End PBXBuildFile section */

/* Begin PBXContainerItemProxy section */
		015861D41B70CC4500445DF9 /* PBXContainerItemProxy */ = {
			isa = PBXContainerItemProxy;
			containerPortal = 015861C51B70CC4500445DF9 /* Pods.xcodeproj */;
			proxyType = 2;
			remoteGlobalIDString = 1DC7B7C01A8FFF5300B14C5C62878A29;
			remoteInfo = AFNetworking;
		};
		015861D61B70CC4500445DF9 /* PBXContainerItemProxy */ = {
			isa = PBXContainerItemProxy;
			containerPortal = 015861C51B70CC4500445DF9 /* Pods.xcodeproj */;
			proxyType = 2;
			remoteGlobalIDString = 13B5089F889E5910697109A1353DF2E8;
			remoteInfo = BlocksKit;
		};
		015861D81B70CC4500445DF9 /* PBXContainerItemProxy */ = {
			isa = PBXContainerItemProxy;
			containerPortal = 015861C51B70CC4500445DF9 /* Pods.xcodeproj */;
			proxyType = 2;
			remoteGlobalIDString = 6C7FA26675C4CADC1DBA5AA357B32069;
			remoteInfo = FXKeychain;
		};
		015861DA1B70CC4500445DF9 /* PBXContainerItemProxy */ = {
			isa = PBXContainerItemProxy;
			containerPortal = 015861C51B70CC4500445DF9 /* Pods.xcodeproj */;
			proxyType = 2;
			remoteGlobalIDString = ACA096F8BF0E738E96AD27E2869D0004;
			remoteInfo = FrameAccessor;
		};
		015861DC1B70CC4500445DF9 /* PBXContainerItemProxy */ = {
			isa = PBXContainerItemProxy;
			containerPortal = 015861C51B70CC4500445DF9 /* Pods.xcodeproj */;
			proxyType = 2;
			remoteGlobalIDString = 60B0DDC267AE0BC8068018C7C26D2F95;
			remoteInfo = MBProgressHUD;
		};
		015861DE1B70CC4500445DF9 /* PBXContainerItemProxy */ = {
			isa = PBXContainerItemProxy;
			containerPortal = 015861C51B70CC4500445DF9 /* Pods.xcodeproj */;
			proxyType = 2;
			remoteGlobalIDString = 082B8FC20DC52B48B9DA429410D6A5B1;
			remoteInfo = MJRefresh;
		};
		015861E01B70CC4500445DF9 /* PBXContainerItemProxy */ = {
			isa = PBXContainerItemProxy;
			containerPortal = 015861C51B70CC4500445DF9 /* Pods.xcodeproj */;
			proxyType = 2;
			remoteGlobalIDString = FC60DC6CB7AD2783737FC643B98754AA;
			remoteInfo = MWFeedParser;
		};
		015861E21B70CC4500445DF9 /* PBXContainerItemProxy */ = {
			isa = PBXContainerItemProxy;
			containerPortal = 015861C51B70CC4500445DF9 /* Pods.xcodeproj */;
			proxyType = 2;
			remoteGlobalIDString = AAF0879E9DF7182F06D60B7D9B71D2D9;
			remoteInfo = "NSString-Hashes";
		};
		015861E41B70CC4500445DF9 /* PBXContainerItemProxy */ = {
			isa = PBXContainerItemProxy;
			containerPortal = 015861C51B70CC4500445DF9 /* Pods.xcodeproj */;
			proxyType = 2;
			remoteGlobalIDString = 7D153A38C8E13D3948A0A481FC29A49B;
			remoteInfo = NYXImagesKit;
		};
		015861E61B70CC4500445DF9 /* PBXContainerItemProxy */ = {
			isa = PBXContainerItemProxy;
			containerPortal = 015861C51B70CC4500445DF9 /* Pods.xcodeproj */;
			proxyType = 2;
			remoteGlobalIDString = 47215689FA528A14DCD60B2C402D03C0;
			remoteInfo = Pods;
		};
		015861E81B70CC4500445DF9 /* PBXContainerItemProxy */ = {
			isa = PBXContainerItemProxy;
			containerPortal = 015861C51B70CC4500445DF9 /* Pods.xcodeproj */;
			proxyType = 2;
			remoteGlobalIDString = 35C69A7BF42DE3E072C96DD79D97B478;
			remoteInfo = RegexKitLite;
		};
		015861EA1B70CC4500445DF9 /* PBXContainerItemProxy */ = {
			isa = PBXContainerItemProxy;
			containerPortal = 015861C51B70CC4500445DF9 /* Pods.xcodeproj */;
			proxyType = 2;
			remoteGlobalIDString = A4E3C75131DB73B535BA7338F6201845;
			remoteInfo = SDWebImage;
		};
		16E450CF1B6592BD00EC2EBB /* PBXContainerItemProxy */ = {
			isa = PBXContainerItemProxy;
			containerPortal = 16E450AA1B6592BD00EC2EBB /* Project object */;
			proxyType = 1;
			remoteGlobalIDString = 16E450B11B6592BD00EC2EBB;
			remoteInfo = swiftmi_oc;
		};
/* End PBXContainerItemProxy section */

/* Begin PBXFileReference section */
		015861BF1B70A18400445DF9 /* NSDictionary+NotNullKey.h */ = {isa = PBXFileReference; fileEncoding = 4; lastKnownFileType = sourcecode.c.h; path = "NSDictionary+NotNullKey.h"; sourceTree = "<group>"; };
		015861C01B70A18400445DF9 /* NSDictionary+NotNullKey.m */ = {isa = PBXFileReference; fileEncoding = 4; lastKnownFileType = sourcecode.c.objc; path = "NSDictionary+NotNullKey.m"; sourceTree = "<group>"; };
		015861C11B70A18400445DF9 /* UIImage+Tint.h */ = {isa = PBXFileReference; fileEncoding = 4; lastKnownFileType = sourcecode.c.h; path = "UIImage+Tint.h"; sourceTree = "<group>"; };
		015861C21B70A18400445DF9 /* UIImage+Tint.m */ = {isa = PBXFileReference; fileEncoding = 4; lastKnownFileType = sourcecode.c.objc; path = "UIImage+Tint.m"; sourceTree = "<group>"; };
		015861C51B70CC4500445DF9 /* Pods.xcodeproj */ = {isa = PBXFileReference; lastKnownFileType = "wrapper.pb-project"; name = Pods.xcodeproj; path = Pods/Pods.xcodeproj; sourceTree = "<group>"; };
		01C952021B6F38D900318241 /* Post.h */ = {isa = PBXFileReference; fileEncoding = 4; lastKnownFileType = sourcecode.c.h; name = Post.h; path = ../Post.h; sourceTree = "<group>"; };
		01C952031B6F38D900318241 /* Post.m */ = {isa = PBXFileReference; fileEncoding = 4; lastKnownFileType = sourcecode.c.objc; name = Post.m; path = ../Post.m; sourceTree = "<group>"; };
		01C952051B6F38D900318241 /* Users.h */ = {isa = PBXFileReference; fileEncoding = 4; lastKnownFileType = sourcecode.c.h; name = Users.h; path = ../Users.h; sourceTree = "<group>"; };
		01C952061B6F38D900318241 /* Users.m */ = {isa = PBXFileReference; fileEncoding = 4; lastKnownFileType = sourcecode.c.objc; name = Users.m; path = ../Users.m; sourceTree = "<group>"; };
		01C9520C1B6F55B700318241 /* LoginController.h */ = {isa = PBXFileReference; fileEncoding = 4; lastKnownFileType = sourcecode.c.h; path = LoginController.h; sourceTree = "<group>"; };
		01C9520D1B6F55B700318241 /* LoginController.m */ = {isa = PBXFileReference; fileEncoding = 4; lastKnownFileType = sourcecode.c.objc; path = LoginController.m; sourceTree = "<group>"; };
		01CA61051B6AFF430099BBDB /* Utility.h */ = {isa = PBXFileReference; fileEncoding = 4; lastKnownFileType = sourcecode.c.h; path = Utility.h; sourceTree = "<group>"; };
		01CA61061B6AFF430099BBDB /* Utility.m */ = {isa = PBXFileReference; fileEncoding = 4; lastKnownFileType = sourcecode.c.objc; path = Utility.m; sourceTree = "<group>"; };
		01CA61091B6B474E0099BBDB /* DataManager.h */ = {isa = PBXFileReference; fileEncoding = 4; lastKnownFileType = sourcecode.c.h; path = DataManager.h; sourceTree = "<group>"; };
		01CA610A1B6B474E0099BBDB /* DataManager.m */ = {isa = PBXFileReference; fileEncoding = 4; lastKnownFileType = sourcecode.c.objc; path = DataManager.m; sourceTree = "<group>"; };
		01CA610C1B6B49EE0099BBDB /* SettingManager.h */ = {isa = PBXFileReference; fileEncoding = 4; lastKnownFileType = sourcecode.c.h; path = SettingManager.h; sourceTree = "<group>"; };
		01CA610D1B6B49EE0099BBDB /* SettingManager.m */ = {isa = PBXFileReference; fileEncoding = 4; lastKnownFileType = sourcecode.c.objc; path = SettingManager.m; sourceTree = "<group>"; };
		01CA61371B6B5A2E0099BBDB /* EXTScope.h */ = {isa = PBXFileReference; fileEncoding = 4; lastKnownFileType = sourcecode.c.h; path = EXTScope.h; sourceTree = "<group>"; };
		01CA61381B6B5A2E0099BBDB /* EXTScope.m */ = {isa = PBXFileReference; fileEncoding = 4; lastKnownFileType = sourcecode.c.objc; path = EXTScope.m; sourceTree = "<group>"; };
		01CA61391B6B5A2E0099BBDB /* metamacros.h */ = {isa = PBXFileReference; fileEncoding = 4; lastKnownFileType = sourcecode.c.h; path = metamacros.h; sourceTree = "<group>"; };
		01CC5A761B72306700A8C5E4 /* AppNotice.h */ = {isa = PBXFileReference; fileEncoding = 4; lastKnownFileType = sourcecode.c.h; path = AppNotice.h; sourceTree = "<group>"; };
		01CC5A771B72306700A8C5E4 /* AppNotice.m */ = {isa = PBXFileReference; fileEncoding = 4; lastKnownFileType = sourcecode.c.objc; path = AppNotice.m; sourceTree = "<group>"; };
		01CC9C031B6A56A30002378D /* PostCell.h */ = {isa = PBXFileReference; fileEncoding = 4; lastKnownFileType = sourcecode.c.h; path = PostCell.h; sourceTree = "<group>"; };
		01CC9C041B6A56A30002378D /* PostCell.m */ = {isa = PBXFileReference; fileEncoding = 4; lastKnownFileType = sourcecode.c.objc; path = PostCell.m; sourceTree = "<group>"; };
		01CE25BA1B74584B00048364 /* Codedown.h */ = {isa = PBXFileReference; fileEncoding = 4; lastKnownFileType = sourcecode.c.h; path = Codedown.h; sourceTree = "<group>"; };
		01CE25BB1B74584B00048364 /* Codedown.m */ = {isa = PBXFileReference; fileEncoding = 4; lastKnownFileType = sourcecode.c.objc; path = Codedown.m; sourceTree = "<group>"; };
		01CE25C91B7458A900048364 /* CodeCell.h */ = {isa = PBXFileReference; fileEncoding = 4; lastKnownFileType = sourcecode.c.h; path = CodeCell.h; sourceTree = "<group>"; };
		01CE25CA1B7458A900048364 /* CodeCell.m */ = {isa = PBXFileReference; fileEncoding = 4; lastKnownFileType = sourcecode.c.objc; path = CodeCell.m; sourceTree = "<group>"; };
		01CE25CC1B7458DD00048364 /* CodeDal.h */ = {isa = PBXFileReference; fileEncoding = 4; lastKnownFileType = sourcecode.c.h; path = CodeDal.h; sourceTree = "<group>"; };
		01CE25CD1B7458DD00048364 /* CodeDal.m */ = {isa = PBXFileReference; fileEncoding = 4; lastKnownFileType = sourcecode.c.objc; path = CodeDal.m; sourceTree = "<group>"; };
		01CE25CF1B74597100048364 /* CodeController.h */ = {isa = PBXFileReference; fileEncoding = 4; lastKnownFileType = sourcecode.c.h; path = CodeController.h; sourceTree = "<group>"; };
		01CE25D01B74597100048364 /* CodeController.m */ = {isa = PBXFileReference; fileEncoding = 4; lastKnownFileType = sourcecode.c.objc; path = CodeController.m; sourceTree = "<group>"; };
		01CE260D1B74C5B000048364 /* CodeDetailViewController.h */ = {isa = PBXFileReference; fileEncoding = 4; lastKnownFileType = sourcecode.c.h; path = CodeDetailViewController.h; sourceTree = "<group>"; };
		01CE260E1B74C5B000048364 /* CodeDetailViewController.m */ = {isa = PBXFileReference; fileEncoding = 4; lastKnownFileType = sourcecode.c.objc; path = CodeDetailViewController.m; sourceTree = "<group>"; };
		01D244DB1B65DB73000CA13C /* PostDal.h */ = {isa = PBXFileReference; fileEncoding = 4; lastKnownFileType = sourcecode.c.h; path = PostDal.h; sourceTree = "<group>"; };
		01D244DC1B65DB73000CA13C /* PostDal.m */ = {isa = PBXFileReference; fileEncoding = 4; lastKnownFileType = sourcecode.c.objc; path = PostDal.m; sourceTree = "<group>"; };
		01D4D8701B73752E00CFF883 /* UserDal.h */ = {isa = PBXFileReference; fileEncoding = 4; lastKnownFileType = sourcecode.c.h; path = UserDal.h; sourceTree = "<group>"; };
		01D4D8711B73752E00CFF883 /* UserDal.m */ = {isa = PBXFileReference; fileEncoding = 4; lastKnownFileType = sourcecode.c.objc; path = UserDal.m; sourceTree = "<group>"; };
		01D507D01B65F25F00A48E7D /* swiftmi_oc-Prefix.pch */ = {isa = PBXFileReference; fileEncoding = 4; lastKnownFileType = sourcecode.c.h; path = "swiftmi_oc-Prefix.pch"; sourceTree = "<group>"; };
		01D508241B66082100A48E7D /* libxml2.dylib */ = {isa = PBXFileReference; lastKnownFileType = "compiled.mach-o.dylib"; name = libxml2.dylib; path = usr/lib/libxml2.dylib; sourceTree = SDKROOT; };
		01D508261B6609F900A48E7D /* libz.dylib */ = {isa = PBXFileReference; lastKnownFileType = "compiled.mach-o.dylib"; name = libz.dylib; path = usr/lib/libz.dylib; sourceTree = SDKROOT; };
		01D5083A1B665C1B00A48E7D /* CoreDataManager.h */ = {isa = PBXFileReference; fileEncoding = 4; lastKnownFileType = sourcecode.c.h; path = CoreDataManager.h; sourceTree = "<group>"; };
		01D5083B1B665C1B00A48E7D /* CoreDataManager.m */ = {isa = PBXFileReference; fileEncoding = 4; lastKnownFileType = sourcecode.c.objc; path = CoreDataManager.m; sourceTree = "<group>"; };
		01D5083D1B665DF700A48E7D /* Constant.h */ = {isa = PBXFileReference; fileEncoding = 4; lastKnownFileType = sourcecode.c.h; path = Constant.h; sourceTree = "<group>"; };
		01D5083E1B665DF700A48E7D /* Constant.m */ = {isa = PBXFileReference; fileEncoding = 4; lastKnownFileType = sourcecode.c.objc; path = Constant.m; sourceTree = "<group>"; };
		16E450B21B6592BD00EC2EBB /* swiftmi_oc.app */ = {isa = PBXFileReference; explicitFileType = wrapper.application; includeInIndex = 0; path = swiftmi_oc.app; sourceTree = BUILT_PRODUCTS_DIR; };
		16E450B61B6592BD00EC2EBB /* Info.plist */ = {isa = PBXFileReference; lastKnownFileType = text.plist.xml; path = Info.plist; sourceTree = "<group>"; };
		16E450B71B6592BD00EC2EBB /* main.m */ = {isa = PBXFileReference; lastKnownFileType = sourcecode.c.objc; path = main.m; sourceTree = "<group>"; };
		16E450B91B6592BD00EC2EBB /* AppDelegate.h */ = {isa = PBXFileReference; lastKnownFileType = sourcecode.c.h; path = AppDelegate.h; sourceTree = "<group>"; };
		16E450BA1B6592BD00EC2EBB /* AppDelegate.m */ = {isa = PBXFileReference; lastKnownFileType = sourcecode.c.objc; path = AppDelegate.m; sourceTree = "<group>"; };
		16E450BC1B6592BD00EC2EBB /* FirstViewController.h */ = {isa = PBXFileReference; lastKnownFileType = sourcecode.c.h; path = FirstViewController.h; sourceTree = "<group>"; };
		16E450BD1B6592BD00EC2EBB /* FirstViewController.m */ = {isa = PBXFileReference; lastKnownFileType = sourcecode.c.objc; path = FirstViewController.m; sourceTree = "<group>"; };
		16E450BF1B6592BD00EC2EBB /* SecondViewController.h */ = {isa = PBXFileReference; lastKnownFileType = sourcecode.c.h; path = SecondViewController.h; sourceTree = "<group>"; };
		16E450C01B6592BD00EC2EBB /* SecondViewController.m */ = {isa = PBXFileReference; lastKnownFileType = sourcecode.c.objc; path = SecondViewController.m; sourceTree = "<group>"; };
		16E450C31B6592BD00EC2EBB /* Base */ = {isa = PBXFileReference; lastKnownFileType = file.storyboard; name = Base; path = Base.lproj/Main.storyboard; sourceTree = "<group>"; };
		16E450C51B6592BD00EC2EBB /* Images.xcassets */ = {isa = PBXFileReference; lastKnownFileType = folder.assetcatalog; path = Images.xcassets; sourceTree = "<group>"; };
		16E450C81B6592BD00EC2EBB /* Base */ = {isa = PBXFileReference; lastKnownFileType = file.xib; name = Base; path = Base.lproj/LaunchScreen.xib; sourceTree = "<group>"; };
		16E450CE1B6592BD00EC2EBB /* swiftmi_ocTests.xctest */ = {isa = PBXFileReference; explicitFileType = wrapper.cfbundle; includeInIndex = 0; path = swiftmi_ocTests.xctest; sourceTree = BUILT_PRODUCTS_DIR; };
		16E450D31B6592BD00EC2EBB /* Info.plist */ = {isa = PBXFileReference; lastKnownFileType = text.plist.xml; path = Info.plist; sourceTree = "<group>"; };
		16E450D41B6592BD00EC2EBB /* swiftmi_ocTests.m */ = {isa = PBXFileReference; lastKnownFileType = sourcecode.c.objc; path = swiftmi_ocTests.m; sourceTree = "<group>"; };
		16E450DF1B65980E00EC2EBB /* PostTableViewController.h */ = {isa = PBXFileReference; fileEncoding = 4; lastKnownFileType = sourcecode.c.h; path = PostTableViewController.h; sourceTree = "<group>"; };
		16E450E01B65980E00EC2EBB /* PostTableViewController.m */ = {isa = PBXFileReference; fileEncoding = 4; lastKnownFileType = sourcecode.c.objc; path = PostTableViewController.m; sourceTree = "<group>"; };
		16E450E31B659DBA00EC2EBB /* CoreData.framework */ = {isa = PBXFileReference; lastKnownFileType = wrapper.framework; name = CoreData.framework; path = System/Library/Frameworks/CoreData.framework; sourceTree = SDKROOT; };
		16E450E71B659E6400EC2EBB /* Model.xcdatamodel */ = {isa = PBXFileReference; lastKnownFileType = wrapper.xcdatamodel; path = Model.xcdatamodel; sourceTree = "<group>"; };
		61E5B354896DCF5647964E31 /* libPods.a */ = {isa = PBXFileReference; explicitFileType = archive.ar; includeInIndex = 0; path = libPods.a; sourceTree = BUILT_PRODUCTS_DIR; };
		98DD6F86B646A8893FC815AA /* Pods.release.xcconfig */ = {isa = PBXFileReference; includeInIndex = 1; lastKnownFileType = text.xcconfig; name = Pods.release.xcconfig; path = "Pods/Target Support Files/Pods/Pods.release.xcconfig"; sourceTree = "<group>"; };
		C516989CF3E33BE22066F987 /* Pods.debug.xcconfig */ = {isa = PBXFileReference; includeInIndex = 1; lastKnownFileType = text.xcconfig; name = Pods.debug.xcconfig; path = "Pods/Target Support Files/Pods/Pods.debug.xcconfig"; sourceTree = "<group>"; };
/* End PBXFileReference section */

/* Begin PBXFrameworksBuildPhase section */
		16E450AF1B6592BD00EC2EBB /* Frameworks */ = {
			isa = PBXFrameworksBuildPhase;
			buildActionMask = 2147483647;
			files = (
				16E450E41B659DBA00EC2EBB /* CoreData.framework in Frameworks */,
				C0AB0401A3A4C2562E229A92 /* libPods.a in Frameworks */,
			);
			runOnlyForDeploymentPostprocessing = 0;
		};
		16E450CB1B6592BD00EC2EBB /* Frameworks */ = {
			isa = PBXFrameworksBuildPhase;
			buildActionMask = 2147483647;
			files = (
			);
			runOnlyForDeploymentPostprocessing = 0;
		};
/* End PBXFrameworksBuildPhase section */

/* Begin PBXGroup section */
		015861BE1B70A18400445DF9 /* Categories */ = {
			isa = PBXGroup;
			children = (
				015861BF1B70A18400445DF9 /* NSDictionary+NotNullKey.h */,
				015861C01B70A18400445DF9 /* NSDictionary+NotNullKey.m */,
				015861C11B70A18400445DF9 /* UIImage+Tint.h */,
				015861C21B70A18400445DF9 /* UIImage+Tint.m */,
			);
			path = Categories;
			sourceTree = "<group>";
		};
		015861C61B70CC4500445DF9 /* Products */ = {
			isa = PBXGroup;
			children = (
				015861D51B70CC4500445DF9 /* libAFNetworking.a */,
				015861D71B70CC4500445DF9 /* libBlocksKit.a */,
				015861D91B70CC4500445DF9 /* libFXKeychain.a */,
				015861DB1B70CC4500445DF9 /* libFrameAccessor.a */,
				015861DD1B70CC4500445DF9 /* libMBProgressHUD.a */,
				015861DF1B70CC4500445DF9 /* libMJRefresh.a */,
				015861E11B70CC4500445DF9 /* libMWFeedParser.a */,
				015861E31B70CC4500445DF9 /* libNSString-Hashes.a */,
				015861E51B70CC4500445DF9 /* libNYXImagesKit.a */,
				015861E71B70CC4500445DF9 /* libPods.a */,
				015861E91B70CC4500445DF9 /* libRegexKitLite.a */,
				015861EB1B70CC4500445DF9 /* libSDWebImage.a */,
			);
			name = Products;
			sourceTree = "<group>";
		};
		01C952011B6F35D600318241 /* Models */ = {
			isa = PBXGroup;
			children = (
				01CE25BA1B74584B00048364 /* Codedown.h */,
				01CE25BB1B74584B00048364 /* Codedown.m */,
				01C952051B6F38D900318241 /* Users.h */,
				01C952061B6F38D900318241 /* Users.m */,
				01C952021B6F38D900318241 /* Post.h */,
				01C952031B6F38D900318241 /* Post.m */,
				16E450E61B659E6400EC2EBB /* Model.xcdatamodeld */,
			);
			name = Models;
			sourceTree = "<group>";
		};
		01CA61041B6AFF1F0099BBDB /* Utility */ = {
			isa = PBXGroup;
			children = (
				01CA61051B6AFF430099BBDB /* Utility.h */,
				01CA61061B6AFF430099BBDB /* Utility.m */,
				01CC5A761B72306700A8C5E4 /* AppNotice.h */,
				01CC5A771B72306700A8C5E4 /* AppNotice.m */,
			);
			name = Utility;
			sourceTree = "<group>";
		};
		01CA61081B6B472F0099BBDB /* Managers */ = {
			isa = PBXGroup;
			children = (
				01CA61091B6B474E0099BBDB /* DataManager.h */,
				01CA610A1B6B474E0099BBDB /* DataManager.m */,
				01CA610C1B6B49EE0099BBDB /* SettingManager.h */,
				01CA610D1B6B49EE0099BBDB /* SettingManager.m */,
			);
			name = Managers;
			sourceTree = "<group>";
		};
		01CA61361B6B5A2E0099BBDB /* EXTScope */ = {
			isa = PBXGroup;
			children = (
				01CA61371B6B5A2E0099BBDB /* EXTScope.h */,
				01CA61381B6B5A2E0099BBDB /* EXTScope.m */,
				01CA61391B6B5A2E0099BBDB /* metamacros.h */,
			);
			path = EXTScope;
			sourceTree = "<group>";
		};
		01CC9C061B6A57F10002378D /* Views */ = {
			isa = PBXGroup;
			children = (
				01CE25C91B7458A900048364 /* CodeCell.h */,
				01CE25CA1B7458A900048364 /* CodeCell.m */,
				01CC9C031B6A56A30002378D /* PostCell.h */,
				01CC9C041B6A56A30002378D /* PostCell.m */,
			);
			name = Views;
			sourceTree = "<group>";
		};
		01D506E01B65E60300A48E7D /* Additions */ = {
			isa = PBXGroup;
			children = (
				015861BE1B70A18400445DF9 /* Categories */,
				01CA61361B6B5A2E0099BBDB /* EXTScope */,
			);
			path = Additions;
			sourceTree = "<group>";
		};
		16E450A91B6592BD00EC2EBB = {
			isa = PBXGroup;
			children = (
				015861C51B70CC4500445DF9 /* Pods.xcodeproj */,
				16E450E31B659DBA00EC2EBB /* CoreData.framework */,
				16E450B41B6592BD00EC2EBB /* swiftmi_oc */,
				16E450D11B6592BD00EC2EBB /* swiftmi_ocTests */,
				16E450B31B6592BD00EC2EBB /* Products */,
				23D3E19E4000403E236D1A2B /* Pods */,
				6874666B1B58A4C3F42100C4 /* Frameworks */,
			);
			sourceTree = "<group>";
		};
		16E450B31B6592BD00EC2EBB /* Products */ = {
			isa = PBXGroup;
			children = (
				16E450B21B6592BD00EC2EBB /* swiftmi_oc.app */,
				16E450CE1B6592BD00EC2EBB /* swiftmi_ocTests.xctest */,
			);
			name = Products;
			sourceTree = "<group>";
		};
		16E450B41B6592BD00EC2EBB /* swiftmi_oc */ = {
			isa = PBXGroup;
			children = (
				01C952011B6F35D600318241 /* Models */,
				01CA61081B6B472F0099BBDB /* Managers */,
				01CA61041B6AFF1F0099BBDB /* Utility */,
				01CC9C061B6A57F10002378D /* Views */,
				01D506E01B65E60300A48E7D /* Additions */,
				16E450E21B659CE100EC2EBB /* Database */,
				16E450DE1B6597DC00EC2EBB /* Controller */,
				16E450B91B6592BD00EC2EBB /* AppDelegate.h */,
				16E450BA1B6592BD00EC2EBB /* AppDelegate.m */,
				16E450BC1B6592BD00EC2EBB /* FirstViewController.h */,
				16E450BD1B6592BD00EC2EBB /* FirstViewController.m */,
				16E450BF1B6592BD00EC2EBB /* SecondViewController.h */,
				16E450C01B6592BD00EC2EBB /* SecondViewController.m */,
				16E450C21B6592BD00EC2EBB /* Main.storyboard */,
				16E450C51B6592BD00EC2EBB /* Images.xcassets */,
				16E450C71B6592BD00EC2EBB /* LaunchScreen.xib */,
				16E450B51B6592BD00EC2EBB /* Supporting Files */,
				01D5083D1B665DF700A48E7D /* Constant.h */,
				01D5083E1B665DF700A48E7D /* Constant.m */,
			);
			path = swiftmi_oc;
			sourceTree = "<group>";
		};
		16E450B51B6592BD00EC2EBB /* Supporting Files */ = {
			isa = PBXGroup;
			children = (
				16E450B61B6592BD00EC2EBB /* Info.plist */,
				16E450B71B6592BD00EC2EBB /* main.m */,
				01D507D01B65F25F00A48E7D /* swiftmi_oc-Prefix.pch */,
			);
			name = "Supporting Files";
			sourceTree = "<group>";
		};
		16E450D11B6592BD00EC2EBB /* swiftmi_ocTests */ = {
			isa = PBXGroup;
			children = (
				16E450D41B6592BD00EC2EBB /* swiftmi_ocTests.m */,
				16E450D21B6592BD00EC2EBB /* Supporting Files */,
			);
			path = swiftmi_ocTests;
			sourceTree = "<group>";
		};
		16E450D21B6592BD00EC2EBB /* Supporting Files */ = {
			isa = PBXGroup;
			children = (
				16E450D31B6592BD00EC2EBB /* Info.plist */,
			);
			name = "Supporting Files";
			sourceTree = "<group>";
		};
		16E450DE1B6597DC00EC2EBB /* Controller */ = {
			isa = PBXGroup;
			children = (
				16E450DF1B65980E00EC2EBB /* PostTableViewController.h */,
				16E450E01B65980E00EC2EBB /* PostTableViewController.m */,
				01CE25CF1B74597100048364 /* CodeController.h */,
				01CE25D01B74597100048364 /* CodeController.m */,
				01C9520C1B6F55B700318241 /* LoginController.h */,
				01C9520D1B6F55B700318241 /* LoginController.m */,
				01CE260D1B74C5B000048364 /* CodeDetailViewController.h */,
				01CE260E1B74C5B000048364 /* CodeDetailViewController.m */,
			);
			name = Controller;
			sourceTree = "<group>";
		};
		16E450E21B659CE100EC2EBB /* Database */ = {
			isa = PBXGroup;
			children = (
				01CE25CC1B7458DD00048364 /* CodeDal.h */,
				01CE25CD1B7458DD00048364 /* CodeDal.m */,
				01D244DB1B65DB73000CA13C /* PostDal.h */,
				01D244DC1B65DB73000CA13C /* PostDal.m */,
				01D5083A1B665C1B00A48E7D /* CoreDataManager.h */,
				01D5083B1B665C1B00A48E7D /* CoreDataManager.m */,
				01D4D8701B73752E00CFF883 /* UserDal.h */,
				01D4D8711B73752E00CFF883 /* UserDal.m */,
			);
			name = Database;
			sourceTree = "<group>";
		};
		23D3E19E4000403E236D1A2B /* Pods */ = {
			isa = PBXGroup;
			children = (
				C516989CF3E33BE22066F987 /* Pods.debug.xcconfig */,
				98DD6F86B646A8893FC815AA /* Pods.release.xcconfig */,
			);
			name = Pods;
			sourceTree = "<group>";
		};
		6874666B1B58A4C3F42100C4 /* Frameworks */ = {
			isa = PBXGroup;
			children = (
				01D508261B6609F900A48E7D /* libz.dylib */,
				01D508241B66082100A48E7D /* libxml2.dylib */,
				61E5B354896DCF5647964E31 /* libPods.a */,
			);
			name = Frameworks;
			sourceTree = "<group>";
		};
/* End PBXGroup section */

/* Begin PBXNativeTarget section */
		16E450B11B6592BD00EC2EBB /* swiftmi_oc */ = {
			isa = PBXNativeTarget;
			buildConfigurationList = 16E450D81B6592BD00EC2EBB /* Build configuration list for PBXNativeTarget "swiftmi_oc" */;
			buildPhases = (
				1797CBBDF7A667B10F6FAB37 /* Check Pods Manifest.lock */,
				16E450AE1B6592BD00EC2EBB /* Sources */,
				16E450AF1B6592BD00EC2EBB /* Frameworks */,
				16E450B01B6592BD00EC2EBB /* Resources */,
				B1BD29BF289D875153AE7C4B /* Copy Pods Resources */,
			);
			buildRules = (
			);
			dependencies = (
			);
			name = swiftmi_oc;
			productName = swiftmi_oc;
			productReference = 16E450B21B6592BD00EC2EBB /* swiftmi_oc.app */;
			productType = "com.apple.product-type.application";
		};
		16E450CD1B6592BD00EC2EBB /* swiftmi_ocTests */ = {
			isa = PBXNativeTarget;
			buildConfigurationList = 16E450DB1B6592BD00EC2EBB /* Build configuration list for PBXNativeTarget "swiftmi_ocTests" */;
			buildPhases = (
				16E450CA1B6592BD00EC2EBB /* Sources */,
				16E450CB1B6592BD00EC2EBB /* Frameworks */,
				16E450CC1B6592BD00EC2EBB /* Resources */,
			);
			buildRules = (
			);
			dependencies = (
				16E450D01B6592BD00EC2EBB /* PBXTargetDependency */,
			);
			name = swiftmi_ocTests;
			productName = swiftmi_ocTests;
			productReference = 16E450CE1B6592BD00EC2EBB /* swiftmi_ocTests.xctest */;
			productType = "com.apple.product-type.bundle.unit-test";
		};
/* End PBXNativeTarget section */

/* Begin PBXProject section */
		16E450AA1B6592BD00EC2EBB /* Project object */ = {
			isa = PBXProject;
			attributes = {
				LastUpgradeCheck = 0640;
				ORGANIZATIONNAME = swing;
				TargetAttributes = {
					16E450B11B6592BD00EC2EBB = {
						CreatedOnToolsVersion = 6.4;
					};
					16E450CD1B6592BD00EC2EBB = {
						CreatedOnToolsVersion = 6.4;
						TestTargetID = 16E450B11B6592BD00EC2EBB;
					};
				};
			};
			buildConfigurationList = 16E450AD1B6592BD00EC2EBB /* Build configuration list for PBXProject "swiftmi_oc" */;
			compatibilityVersion = "Xcode 3.2";
			developmentRegion = English;
			hasScannedForEncodings = 0;
			knownRegions = (
				en,
				Base,
			);
			mainGroup = 16E450A91B6592BD00EC2EBB;
			productRefGroup = 16E450B31B6592BD00EC2EBB /* Products */;
			projectDirPath = "";
			projectReferences = (
				{
					ProductGroup = 015861C61B70CC4500445DF9 /* Products */;
					ProjectRef = 015861C51B70CC4500445DF9 /* Pods.xcodeproj */;
				},
			);
			projectRoot = "";
			targets = (
				16E450B11B6592BD00EC2EBB /* swiftmi_oc */,
				16E450CD1B6592BD00EC2EBB /* swiftmi_ocTests */,
			);
		};
/* End PBXProject section */

/* Begin PBXReferenceProxy section */
		015861D51B70CC4500445DF9 /* libAFNetworking.a */ = {
			isa = PBXReferenceProxy;
			fileType = archive.ar;
			path = libAFNetworking.a;
			remoteRef = 015861D41B70CC4500445DF9 /* PBXContainerItemProxy */;
			sourceTree = BUILT_PRODUCTS_DIR;
		};
		015861D71B70CC4500445DF9 /* libBlocksKit.a */ = {
			isa = PBXReferenceProxy;
			fileType = archive.ar;
			path = libBlocksKit.a;
			remoteRef = 015861D61B70CC4500445DF9 /* PBXContainerItemProxy */;
			sourceTree = BUILT_PRODUCTS_DIR;
		};
		015861D91B70CC4500445DF9 /* libFXKeychain.a */ = {
			isa = PBXReferenceProxy;
			fileType = archive.ar;
			path = libFXKeychain.a;
			remoteRef = 015861D81B70CC4500445DF9 /* PBXContainerItemProxy */;
			sourceTree = BUILT_PRODUCTS_DIR;
		};
		015861DB1B70CC4500445DF9 /* libFrameAccessor.a */ = {
			isa = PBXReferenceProxy;
			fileType = archive.ar;
			path = libFrameAccessor.a;
			remoteRef = 015861DA1B70CC4500445DF9 /* PBXContainerItemProxy */;
			sourceTree = BUILT_PRODUCTS_DIR;
		};
		015861DD1B70CC4500445DF9 /* libMBProgressHUD.a */ = {
			isa = PBXReferenceProxy;
			fileType = archive.ar;
			path = libMBProgressHUD.a;
			remoteRef = 015861DC1B70CC4500445DF9 /* PBXContainerItemProxy */;
			sourceTree = BUILT_PRODUCTS_DIR;
		};
		015861DF1B70CC4500445DF9 /* libMJRefresh.a */ = {
			isa = PBXReferenceProxy;
			fileType = archive.ar;
			path = libMJRefresh.a;
			remoteRef = 015861DE1B70CC4500445DF9 /* PBXContainerItemProxy */;
			sourceTree = BUILT_PRODUCTS_DIR;
		};
		015861E11B70CC4500445DF9 /* libMWFeedParser.a */ = {
			isa = PBXReferenceProxy;
			fileType = archive.ar;
			path = libMWFeedParser.a;
			remoteRef = 015861E01B70CC4500445DF9 /* PBXContainerItemProxy */;
			sourceTree = BUILT_PRODUCTS_DIR;
		};
		015861E31B70CC4500445DF9 /* libNSString-Hashes.a */ = {
			isa = PBXReferenceProxy;
			fileType = archive.ar;
			path = "libNSString-Hashes.a";
			remoteRef = 015861E21B70CC4500445DF9 /* PBXContainerItemProxy */;
			sourceTree = BUILT_PRODUCTS_DIR;
		};
		015861E51B70CC4500445DF9 /* libNYXImagesKit.a */ = {
			isa = PBXReferenceProxy;
			fileType = archive.ar;
			path = libNYXImagesKit.a;
			remoteRef = 015861E41B70CC4500445DF9 /* PBXContainerItemProxy */;
			sourceTree = BUILT_PRODUCTS_DIR;
		};
		015861E71B70CC4500445DF9 /* libPods.a */ = {
			isa = PBXReferenceProxy;
			fileType = archive.ar;
			path = libPods.a;
			remoteRef = 015861E61B70CC4500445DF9 /* PBXContainerItemProxy */;
			sourceTree = BUILT_PRODUCTS_DIR;
		};
		015861E91B70CC4500445DF9 /* libRegexKitLite.a */ = {
			isa = PBXReferenceProxy;
			fileType = archive.ar;
			path = libRegexKitLite.a;
			remoteRef = 015861E81B70CC4500445DF9 /* PBXContainerItemProxy */;
			sourceTree = BUILT_PRODUCTS_DIR;
		};
		015861EB1B70CC4500445DF9 /* libSDWebImage.a */ = {
			isa = PBXReferenceProxy;
			fileType = archive.ar;
			path = libSDWebImage.a;
			remoteRef = 015861EA1B70CC4500445DF9 /* PBXContainerItemProxy */;
			sourceTree = BUILT_PRODUCTS_DIR;
		};
/* End PBXReferenceProxy section */

/* Begin PBXResourcesBuildPhase section */
		16E450B01B6592BD00EC2EBB /* Resources */ = {
			isa = PBXResourcesBuildPhase;
			buildActionMask = 2147483647;
			files = (
				16E450C41B6592BD00EC2EBB /* Main.storyboard in Resources */,
				16E450C91B6592BD00EC2EBB /* LaunchScreen.xib in Resources */,
				16E450C61B6592BD00EC2EBB /* Images.xcassets in Resources */,
			);
			runOnlyForDeploymentPostprocessing = 0;
		};
		16E450CC1B6592BD00EC2EBB /* Resources */ = {
			isa = PBXResourcesBuildPhase;
			buildActionMask = 2147483647;
			files = (
			);
			runOnlyForDeploymentPostprocessing = 0;
		};
/* End PBXResourcesBuildPhase section */

/* Begin PBXShellScriptBuildPhase section */
		1797CBBDF7A667B10F6FAB37 /* Check Pods Manifest.lock */ = {
			isa = PBXShellScriptBuildPhase;
			buildActionMask = 2147483647;
			files = (
			);
			inputPaths = (
			);
			name = "Check Pods Manifest.lock";
			outputPaths = (
			);
			runOnlyForDeploymentPostprocessing = 0;
			shellPath = /bin/sh;
			shellScript = "diff \"${PODS_ROOT}/../Podfile.lock\" \"${PODS_ROOT}/Manifest.lock\" > /dev/null\nif [[ $? != 0 ]] ; then\n    cat << EOM\nerror: The sandbox is not in sync with the Podfile.lock. Run 'pod install' or update your CocoaPods installation.\nEOM\n    exit 1\nfi\n";
			showEnvVarsInLog = 0;
		};
		B1BD29BF289D875153AE7C4B /* Copy Pods Resources */ = {
			isa = PBXShellScriptBuildPhase;
			buildActionMask = 2147483647;
			files = (
			);
			inputPaths = (
			);
			name = "Copy Pods Resources";
			outputPaths = (
			);
			runOnlyForDeploymentPostprocessing = 0;
			shellPath = /bin/sh;
			shellScript = "\"${SRCROOT}/Pods/Target Support Files/Pods/Pods-resources.sh\"\n";
			showEnvVarsInLog = 0;
		};
/* End PBXShellScriptBuildPhase section */

/* Begin PBXSourcesBuildPhase section */
		16E450AE1B6592BD00EC2EBB /* Sources */ = {
			isa = PBXSourcesBuildPhase;
			buildActionMask = 2147483647;
			files = (
				01CE260F1B74C5B000048364 /* CodeDetailViewController.m in Sources */,
				16E450C11B6592BD00EC2EBB /* SecondViewController.m in Sources */,
				01CA610E1B6B49EE0099BBDB /* SettingManager.m in Sources */,
				01CA610B1B6B474E0099BBDB /* DataManager.m in Sources */,
				015861C31B70A18400445DF9 /* NSDictionary+NotNullKey.m in Sources */,
				16E450BB1B6592BD00EC2EBB /* AppDelegate.m in Sources */,
				01C9520E1B6F55B700318241 /* LoginController.m in Sources */,
				01C952071B6F38D900318241 /* Users.m in Sources */,
				01D5083C1B665C1B00A48E7D /* CoreDataManager.m in Sources */,
				015861C41B70A18400445DF9 /* UIImage+Tint.m in Sources */,
				16E450BE1B6592BD00EC2EBB /* FirstViewController.m in Sources */,
				01CE25D11B74597100048364 /* CodeController.m in Sources */,
				01D4D8721B73752E00CFF883 /* UserDal.m in Sources */,
				16E450E11B65980E00EC2EBB /* PostTableViewController.m in Sources */,
				01CE25CB1B7458A900048364 /* CodeCell.m in Sources */,
				16E450B81B6592BD00EC2EBB /* main.m in Sources */,
				16E450E81B659E6400EC2EBB /* Model.xcdatamodeld in Sources */,
				01CA61071B6AFF430099BBDB /* Utility.m in Sources */,
				01CE25CE1B7458DD00048364 /* CodeDal.m in Sources */,
				01C952041B6F38D900318241 /* Post.m in Sources */,
				01CA613A1B6B5A2E0099BBDB /* EXTScope.m in Sources */,
				01D5083F1B665DF700A48E7D /* Constant.m in Sources */,
				01CC5A781B72306700A8C5E4 /* AppNotice.m in Sources */,
				01D244DD1B65DB73000CA13C /* PostDal.m in Sources */,
				01CE25BC1B74584B00048364 /* Codedown.m in Sources */,
				01CC9C051B6A56A30002378D /* PostCell.m in Sources */,
			);
			runOnlyForDeploymentPostprocessing = 0;
		};
		16E450CA1B6592BD00EC2EBB /* Sources */ = {
			isa = PBXSourcesBuildPhase;
			buildActionMask = 2147483647;
			files = (
				16E450D51B6592BD00EC2EBB /* swiftmi_ocTests.m in Sources */,
			);
			runOnlyForDeploymentPostprocessing = 0;
		};
/* End PBXSourcesBuildPhase section */

/* Begin PBXTargetDependency section */
		16E450D01B6592BD00EC2EBB /* PBXTargetDependency */ = {
			isa = PBXTargetDependency;
			target = 16E450B11B6592BD00EC2EBB /* swiftmi_oc */;
			targetProxy = 16E450CF1B6592BD00EC2EBB /* PBXContainerItemProxy */;
		};
/* End PBXTargetDependency section */

/* Begin PBXVariantGroup section */
		16E450C21B6592BD00EC2EBB /* Main.storyboard */ = {
			isa = PBXVariantGroup;
			children = (
				16E450C31B6592BD00EC2EBB /* Base */,
			);
			name = Main.storyboard;
			sourceTree = "<group>";
		};
		16E450C71B6592BD00EC2EBB /* LaunchScreen.xib */ = {
			isa = PBXVariantGroup;
			children = (
				16E450C81B6592BD00EC2EBB /* Base */,
			);
			name = LaunchScreen.xib;
			sourceTree = "<group>";
		};
/* End PBXVariantGroup section */

/* Begin XCBuildConfiguration section */
		16E450D61B6592BD00EC2EBB /* Debug */ = {
			isa = XCBuildConfiguration;
			buildSettings = {
				ALWAYS_SEARCH_USER_PATHS = NO;
				CLANG_CXX_LANGUAGE_STANDARD = "gnu++0x";
				CLANG_CXX_LIBRARY = "libc++";
				CLANG_ENABLE_MODULES = YES;
				CLANG_ENABLE_OBJC_ARC = YES;
				CLANG_WARN_BOOL_CONVERSION = YES;
				CLANG_WARN_CONSTANT_CONVERSION = YES;
				CLANG_WARN_DIRECT_OBJC_ISA_USAGE = YES_ERROR;
				CLANG_WARN_EMPTY_BODY = YES;
				CLANG_WARN_ENUM_CONVERSION = YES;
				CLANG_WARN_INT_CONVERSION = YES;
				CLANG_WARN_OBJC_ROOT_CLASS = YES_ERROR;
				CLANG_WARN_UNREACHABLE_CODE = YES;
				CLANG_WARN__DUPLICATE_METHOD_MATCH = YES;
				"CODE_SIGN_IDENTITY[sdk=iphoneos*]" = "iPhone Developer";
				COPY_PHASE_STRIP = NO;
				DEBUG_INFORMATION_FORMAT = "dwarf-with-dsym";
				ENABLE_STRICT_OBJC_MSGSEND = YES;
				GCC_C_LANGUAGE_STANDARD = gnu99;
				GCC_DYNAMIC_NO_PIC = NO;
				GCC_NO_COMMON_BLOCKS = YES;
				GCC_OPTIMIZATION_LEVEL = 0;
				GCC_PREPROCESSOR_DEFINITIONS = (
					"DEBUG=1",
					"$(inherited)",
				);
				GCC_SYMBOLS_PRIVATE_EXTERN = NO;
				GCC_WARN_64_TO_32_BIT_CONVERSION = YES;
				GCC_WARN_ABOUT_RETURN_TYPE = YES_ERROR;
				GCC_WARN_UNDECLARED_SELECTOR = YES;
				GCC_WARN_UNINITIALIZED_AUTOS = YES_AGGRESSIVE;
				GCC_WARN_UNUSED_FUNCTION = YES;
				GCC_WARN_UNUSED_VARIABLE = YES;
				IPHONEOS_DEPLOYMENT_TARGET = 6.0;
				MTL_ENABLE_DEBUG_INFO = YES;
				ONLY_ACTIVE_ARCH = YES;
				SDKROOT = iphoneos;
				TARGETED_DEVICE_FAMILY = "1,2";
			};
			name = Debug;
		};
		16E450D71B6592BD00EC2EBB /* Release */ = {
			isa = XCBuildConfiguration;
			buildSettings = {
				ALWAYS_SEARCH_USER_PATHS = NO;
				CLANG_CXX_LANGUAGE_STANDARD = "gnu++0x";
				CLANG_CXX_LIBRARY = "libc++";
				CLANG_ENABLE_MODULES = YES;
				CLANG_ENABLE_OBJC_ARC = YES;
				CLANG_WARN_BOOL_CONVERSION = YES;
				CLANG_WARN_CONSTANT_CONVERSION = YES;
				CLANG_WARN_DIRECT_OBJC_ISA_USAGE = YES_ERROR;
				CLANG_WARN_EMPTY_BODY = YES;
				CLANG_WARN_ENUM_CONVERSION = YES;
				CLANG_WARN_INT_CONVERSION = YES;
				CLANG_WARN_OBJC_ROOT_CLASS = YES_ERROR;
				CLANG_WARN_UNREACHABLE_CODE = YES;
				CLANG_WARN__DUPLICATE_METHOD_MATCH = YES;
				"CODE_SIGN_IDENTITY[sdk=iphoneos*]" = "iPhone Developer";
				COPY_PHASE_STRIP = NO;
				DEBUG_INFORMATION_FORMAT = "dwarf-with-dsym";
				ENABLE_NS_ASSERTIONS = NO;
				ENABLE_STRICT_OBJC_MSGSEND = YES;
				GCC_C_LANGUAGE_STANDARD = gnu99;
				GCC_NO_COMMON_BLOCKS = YES;
				GCC_WARN_64_TO_32_BIT_CONVERSION = YES;
				GCC_WARN_ABOUT_RETURN_TYPE = YES_ERROR;
				GCC_WARN_UNDECLARED_SELECTOR = YES;
				GCC_WARN_UNINITIALIZED_AUTOS = YES_AGGRESSIVE;
				GCC_WARN_UNUSED_FUNCTION = YES;
				GCC_WARN_UNUSED_VARIABLE = YES;
				IPHONEOS_DEPLOYMENT_TARGET = 6.0;
				MTL_ENABLE_DEBUG_INFO = NO;
				SDKROOT = iphoneos;
				TARGETED_DEVICE_FAMILY = "1,2";
				VALIDATE_PRODUCT = YES;
			};
			name = Release;
		};
		16E450D91B6592BD00EC2EBB /* Debug */ = {
			isa = XCBuildConfiguration;
			baseConfigurationReference = C516989CF3E33BE22066F987 /* Pods.debug.xcconfig */;
			buildSettings = {
				ASSETCATALOG_COMPILER_APPICON_NAME = AppIcon;
				ASSETCATALOG_COMPILER_LAUNCHIMAGE_NAME = LaunchImage;
				GCC_PRECOMPILE_PREFIX_HEADER = YES;
				GCC_PREFIX_HEADER = "$(PROJECT_DIR)/swiftmi_oc/swiftmi_oc-Prefix.pch";
				HEADER_SEARCH_PATHS = (
					"$(inherited)",
					"\"${PODS_ROOT}/Headers/Public\"",
					"\"${PODS_ROOT}/Headers/Public/AFNetworking\"",
					"\"${PODS_ROOT}/Headers/Public/BlocksKit\"",
					"\"${PODS_ROOT}/Headers/Public/FXKeychain\"",
					"\"${PODS_ROOT}/Headers/Public/FrameAccessor\"",
					"\"${PODS_ROOT}/Headers/Public/MBProgressHUD\"",
					"\"${PODS_ROOT}/Headers/Public/MWFeedParser\"",
					"\"${PODS_ROOT}/Headers/Public/NSString-Hashes\"",
					"\"${PODS_ROOT}/Headers/Public/NYXImagesKit\"",
					"\"${PODS_ROOT}/Headers/Public/RegexKitLite\"",
					"$(SDKROOT)/usr/include/libxml2",
				);
				INFOPLIST_FILE = swiftmi_oc/Info.plist;
				IPHONEOS_DEPLOYMENT_TARGET = 6.1;
				LD_RUNPATH_SEARCH_PATHS = "$(inherited) @executable_path/Frameworks";
				LIBRARY_SEARCH_PATHS = (
					"$(inherited)",
					"$(PROJECT_DIR)/swiftmi_oc/Additions/libWeiboSDK",
					"$(PROJECT_DIR)/swiftmi_oc/Additions/libWeixinSDK",
				);
				PRODUCT_NAME = "$(TARGET_NAME)";
				USER_HEADER_SEARCH_PATHS = "";
			};
			name = Debug;
		};
		16E450DA1B6592BD00EC2EBB /* Release */ = {
			isa = XCBuildConfiguration;
			baseConfigurationReference = 98DD6F86B646A8893FC815AA /* Pods.release.xcconfig */;
			buildSettings = {
				ASSETCATALOG_COMPILER_APPICON_NAME = AppIcon;
				ASSETCATALOG_COMPILER_LAUNCHIMAGE_NAME = LaunchImage;
				GCC_PRECOMPILE_PREFIX_HEADER = YES;
				GCC_PREFIX_HEADER = "$(PROJECT_DIR)/swiftmi_oc/swiftmi_oc-Prefix.pch";
				HEADER_SEARCH_PATHS = (
					"$(inherited)",
					"\"${PODS_ROOT}/Headers/Public\"",
					"\"${PODS_ROOT}/Headers/Public/AFNetworking\"",
					"\"${PODS_ROOT}/Headers/Public/BlocksKit\"",
					"\"${PODS_ROOT}/Headers/Public/FXKeychain\"",
					"\"${PODS_ROOT}/Headers/Public/FrameAccessor\"",
					"\"${PODS_ROOT}/Headers/Public/MBProgressHUD\"",
					"\"${PODS_ROOT}/Headers/Public/MWFeedParser\"",
					"\"${PODS_ROOT}/Headers/Public/NSString-Hashes\"",
					"\"${PODS_ROOT}/Headers/Public/NYXImagesKit\"",
					"\"${PODS_ROOT}/Headers/Public/RegexKitLite\"",
					"$(SDKROOT)/usr/include/libxml2",
				);
				INFOPLIST_FILE = swiftmi_oc/Info.plist;
				IPHONEOS_DEPLOYMENT_TARGET = 6.1;
				LD_RUNPATH_SEARCH_PATHS = "$(inherited) @executable_path/Frameworks";
				LIBRARY_SEARCH_PATHS = (
					"$(inherited)",
					"$(PROJECT_DIR)/swiftmi_oc/Additions/libWeiboSDK",
					"$(PROJECT_DIR)/swiftmi_oc/Additions/libWeixinSDK",
				);
				PRODUCT_NAME = "$(TARGET_NAME)";
				USER_HEADER_SEARCH_PATHS = "";
			};
			name = Release;
		};
		16E450DC1B6592BD00EC2EBB /* Debug */ = {
			isa = XCBuildConfiguration;
			buildSettings = {
				BUNDLE_LOADER = "$(TEST_HOST)";
				FRAMEWORK_SEARCH_PATHS = (
					"$(SDKROOT)/Developer/Library/Frameworks",
					"$(inherited)",
				);
				GCC_PREPROCESSOR_DEFINITIONS = (
					"DEBUG=1",
					"$(inherited)",
				);
				INFOPLIST_FILE = swiftmi_ocTests/Info.plist;
				LD_RUNPATH_SEARCH_PATHS = "$(inherited) @executable_path/Frameworks @loader_path/Frameworks";
				PRODUCT_NAME = "$(TARGET_NAME)";
				TEST_HOST = "$(BUILT_PRODUCTS_DIR)/swiftmi_oc.app/swiftmi_oc";
			};
			name = Debug;
		};
		16E450DD1B6592BD00EC2EBB /* Release */ = {
			isa = XCBuildConfiguration;
			buildSettings = {
				BUNDLE_LOADER = "$(TEST_HOST)";
				FRAMEWORK_SEARCH_PATHS = (
					"$(SDKROOT)/Developer/Library/Frameworks",
					"$(inherited)",
				);
				INFOPLIST_FILE = swiftmi_ocTests/Info.plist;
				LD_RUNPATH_SEARCH_PATHS = "$(inherited) @executable_path/Frameworks @loader_path/Frameworks";
				PRODUCT_NAME = "$(TARGET_NAME)";
				TEST_HOST = "$(BUILT_PRODUCTS_DIR)/swiftmi_oc.app/swiftmi_oc";
			};
			name = Release;
		};
/* End XCBuildConfiguration section */

/* Begin XCConfigurationList section */
		16E450AD1B6592BD00EC2EBB /* Build configuration list for PBXProject "swiftmi_oc" */ = {
			isa = XCConfigurationList;
			buildConfigurations = (
				16E450D61B6592BD00EC2EBB /* Debug */,
				16E450D71B6592BD00EC2EBB /* Release */,
			);
			defaultConfigurationIsVisible = 0;
			defaultConfigurationName = Release;
		};
		16E450D81B6592BD00EC2EBB /* Build configuration list for PBXNativeTarget "swiftmi_oc" */ = {
			isa = XCConfigurationList;
			buildConfigurations = (
				16E450D91B6592BD00EC2EBB /* Debug */,
				16E450DA1B6592BD00EC2EBB /* Release */,
			);
			defaultConfigurationIsVisible = 0;
			defaultConfigurationName = Release;
		};
		16E450DB1B6592BD00EC2EBB /* Build configuration list for PBXNativeTarget "swiftmi_ocTests" */ = {
			isa = XCConfigurationList;
			buildConfigurations = (
				16E450DC1B6592BD00EC2EBB /* Debug */,
				16E450DD1B6592BD00EC2EBB /* Release */,
			);
			defaultConfigurationIsVisible = 0;
			defaultConfigurationName = Release;
		};
/* End XCConfigurationList section */

/* Begin XCVersionGroup section */
		16E450E61B659E6400EC2EBB /* Model.xcdatamodeld */ = {
			isa = XCVersionGroup;
			children = (
				16E450E71B659E6400EC2EBB /* Model.xcdatamodel */,
			);
			currentVersion = 16E450E71B659E6400EC2EBB /* Model.xcdatamodel */;
			path = Model.xcdatamodeld;
			sourceTree = "<group>";
			versionGroupType = wrapper.xcdatamodel;
		};
/* End XCVersionGroup section */
	};
	rootObject = 16E450AA1B6592BD00EC2EBB /* Project object */;
}
